
Microsoft Visual Studio Solution File, Format Version 12.00
# Visual Studio Version 16
VisualStudioVersion = 16.0.32413.511
MinimumVisualStudioVersion = 10.0.40219.1
Project("{888888A0-9F3D-457C-B088-3A5042F75D52}") = "CreateFinalDataset", "CreateFinalDataset\CreateFinalDataset.pyproj", "{2DFE5D47-62CE-4BDE-B577-08A9952363CD}"
EndProject
Global
	GlobalSection(SolutionConfigurationPlatforms) = preSolution
		Debug|Any CPU = Debug|Any CPU
		Release|Any CPU = Release|Any CPU
	EndGlobalSection
	GlobalSection(ProjectConfigurationPlatforms) = postSolution
		{2DFE5D47-62CE-4BDE-B577-08A9952363CD}.Debug|Any CPU.ActiveCfg = Debug|Any CPU
		{2DFE5D47-62CE-4BDE-B577-08A9952363CD}.Release|Any CPU.ActiveCfg = Release|Any CPU
	EndGlobalSection
	GlobalSection(SolutionProperties) = preSolution
		HideSolutionNode = FALSE
	EndGlobalSection
	GlobalSection(ExtensibilityGlobals) = postSolution
		SolutionGuid = {7E91C244-EA07-4220-AECA-EDA9E6F44A84}
	EndGlobalSection
EndGlobal
